dependencies:
- name: common
  repository: https://jon-zuka.github.io/helm-charts
  version: 0.0.3
- name: grafana
  repository: https://jon-zuka.github.io/helm-charts
  version: 0.0.2
- name: loki
  repository: https://jon-zuka.github.io/helm-charts
  version: 0.0.2
- name: promtail
  repository: https://jon-zuka.github.io/helm-charts
  version: 0.0.1
digest: sha256:7ebcdb86ae32e7191b9b8653e3294049a9756de952b3e17bb6555ab7bdff7796
generated: "2025-03-09T19:18:55.296066132Z"
